// !$*UTF8*$!
{
	archiveVersion = 1;
	classes = {
	};
	objectVersion = 46;
	objects = {

/* Begin PBXBuildFile section */
		933EEECA1D0A6288004C03A0 /* main.m in Sources */ = {isa = PBXBuildFile; fileRef = 933EEEC91D0A6288004C03A0 /* main.m */; };
		933EEECD1D0A6288004C03A0 /* AppDelegate.m in Sources */ = {isa = PBXBuildFile; fileRef = 933EEECC1D0A6288004C03A0 /* AppDelegate.m */; };
		933EEED01D0A6288004C03A0 /* ViewController.m in Sources */ = {isa = PBXBuildFile; fileRef = 933EEECF1D0A6288004C03A0 /* ViewController.m */; };
		933EEED31D0A6288004C03A0 /* Main.storyboard in Resources */ = {isa = PBXBuildFile; fileRef = 933EEED11D0A6288004C03A0 /* Main.storyboard */; };
		933EEED51D0A6288004C03A0 /* Assets.xcassets in Resources */ = {isa = PBXBuildFile; fileRef = 933EEED41D0A6288004C03A0 /* Assets.xcassets */; };
		933EEED81D0A6288004C03A0 /* LaunchScreen.storyboard in Resources */ = {isa = PBXBuildFile; fileRef = 933EEED61D0A6288004C03A0 /* LaunchScreen.storyboard */; };
		9370E1841D0A7FAF00312BBE /* DrawingView.m in Sources */ = {isa = PBXBuildFile; fileRef = 9370E1831D0A7FAF00312BBE /* DrawingView.m */; };
		9370E1881D0A977200312BBE /* HMBezierPath.m in Sources */ = {isa = PBXBuildFile; fileRef = 9370E1871D0A977200312BBE /* HMBezierPath.m */; };
/* End PBXBuildFile section */

/* Begin PBXFileReference section */
		933EEEC51D0A6288004C03A0 /* drawingBoard.app */ = {isa = PBXFileReference; explicitFileType = wrapper.application; includeInIndex = 0; path = drawingBoard.app; sourceTree = BUILT_PRODUCTS_DIR; };
		933EEEC91D0A6288004C03A0 /* main.m */ = {isa = PBXFileReference; lastKnownFileType = sourcecode.c.objc; path = main.m; sourceTree = "<group>"; };
		933EEECB1D0A6288004C03A0 /* AppDelegate.h */ = {isa = PBXFileReference; lastKnownFileType = sourcecode.c.h; path = AppDelegate.h; sourceTree = "<group>"; };
		933EEECC1D0A6288004C03A0 /* AppDelegate.m */ = {isa = PBXFileReference; lastKnownFileType = sourcecode.c.objc; path = AppDelegate.m; sourceTree = "<group>"; };
		933EEECE1D0A6288004C03A0 /* ViewController.h */ = {isa = PBXFileReference; lastKnownFileType = sourcecode.c.h; path = ViewController.h; sourceTree = "<group>"; };
		933EEECF1D0A6288004C03A0 /* ViewController.m */ = {isa = PBXFileReference; lastKnownFileType = sourcecode.c.objc; path = ViewController.m; sourceTree = "<group>"; };
		933EEED21D0A6288004C03A0 /* Base */ = {isa = PBXFileReference; lastKnownFileType = file.storyboard; name = Base; path = Base.lproj/Main.storyboard; sourceTree = "<group>"; };
		933EEED41D0A6288004C03A0 /* Assets.xcassets */ = {isa = PBXFileReference; lastKnownFileType = folder.assetcatalog; path = Assets.xcassets; sourceTree = "<group>"; };
		933EEED71D0A6288004C03A0 /* Base */ = {isa = PBXFileReference; lastKnownFileType = file.storyboard; name = Base; path = Base.lproj/LaunchScreen.storyboard; sourceTree = "<group>"; };
		933EEED91D0A6288004C03A0 /* Info.plist */ = {isa = PBXFileReference; lastKnownFileType = text.plist.xml; path = Info.plist; sourceTree = "<group>"; };
		9370E1821D0A7FAF00312BBE /* DrawingView.h */ = {isa = PBXFileReference; fileEncoding = 4; lastKnownFileType = sourcecode.c.h; path = DrawingView.h; sourceTree = "<group>"; };
		9370E1831D0A7FAF00312BBE /* DrawingView.m */ = {isa = PBXFileReference; fileEncoding = 4; lastKnownFileType = sourcecode.c.objc; path = DrawingView.m; sourceTree = "<group>"; };
		9370E1861D0A977200312BBE /* HMBezierPath.h */ = {isa = PBXFileReference; fileEncoding = 4; lastKnownFileType = sourcecode.c.h; path = HMBezierPath.h; sourceTree = "<group>"; };
		9370E1871D0A977200312BBE /* HMBezierPath.m */ = {isa = PBXFileReference; fileEncoding = 4; lastKnownFileType = sourcecode.c.objc; path = HMBezierPath.m; sourceTree = "<group>"; };
/* End PBXFileReference section */

/* Begin PBXFrameworksBuildPhase section */
		933EEEC21D0A6288004C03A0 /* Frameworks */ = {
			isa = PBXFrameworksBuildPhase;
			buildActionMask = 2147483647;
			files = (
			);
			runOnlyForDeploymentPostprocessing = 0;
		};
/* End PBXFrameworksBuildPhase section */

/* Begin PBXGroup section */
		933EEEBC1D0A6287004C03A0 = {
			isa = PBXGroup;
			children = (
				933EEEC71D0A6288004C03A0 /* drawingBoard */,
				933EEEC61D0A6288004C03A0 /* Products */,
			);
			sourceTree = "<group>";
		};
		933EEEC61D0A6288004C03A0 /* Products */ = {
			isa = PBXGroup;
			children = (
				933EEEC51D0A6288004C03A0 /* drawingBoard.app */,
			);
			name = Products;
			sourceTree = "<group>";
		};
		933EEEC71D0A6288004C03A0 /* drawingBoard */ = {
			isa = PBXGroup;
			children = (
				9370E1801D0A645600312BBE /* Class */,
				933EEEC81D0A6288004C03A0 /* Supporting Files */,
			);
			path = drawingBoard;
			sourceTree = "<group>";
		};
		933EEEC81D0A6288004C03A0 /* Supporting Files */ = {
			isa = PBXGroup;
			children = (
				933EEED41D0A6288004C03A0 /* Assets.xcassets */,
				933EEED61D0A6288004C03A0 /* LaunchScreen.storyboard */,
				933EEED91D0A6288004C03A0 /* Info.plist */,
				933EEEC91D0A6288004C03A0 /* main.m */,
			);
			name = "Supporting Files";
			sourceTree = "<group>";
		};
		9370E17D1D0A641D00312BBE /* Models */ = {
			isa = PBXGroup;
			children = (
				9370E1861D0A977200312BBE /* HMBezierPath.h */,
				9370E1871D0A977200312BBE /* HMBezierPath.m */,
			);
			name = Models;
			sourceTree = "<group>";
		};
		9370E17E1D0A642700312BBE /* Controller */ = {
			isa = PBXGroup;
			children = (
				933EEECE1D0A6288004C03A0 /* ViewController.h */,
				933EEECF1D0A6288004C03A0 /* ViewController.m */,
				933EEED11D0A6288004C03A0 /* Main.storyboard */,
			);
			name = Controller;
			sourceTree = "<group>";
		};
		9370E1801D0A645600312BBE /* Class */ = {
			isa = PBXGroup;
			children = (
				9370E1851D0A7FB600312BBE /* View */,
				9370E1811D0A646800312BBE /* Other */,
				9370E17E1D0A642700312BBE /* Controller */,
				9370E17D1D0A641D00312BBE /* Models */,
			);
			name = Class;
			sourceTree = "<group>";
		};
		9370E1811D0A646800312BBE /* Other */ = {
			isa = PBXGroup;
			children = (
				933EEECB1D0A6288004C03A0 /* AppDelegate.h */,
				933EEECC1D0A6288004C03A0 /* AppDelegate.m */,
			);
			name = Other;
			sourceTree = "<group>";
		};
		9370E1851D0A7FB600312BBE /* View */ = {
			isa = PBXGroup;
			children = (
				9370E1821D0A7FAF00312BBE /* DrawingView.h */,
				9370E1831D0A7FAF00312BBE /* DrawingView.m */,
			);
			name = View;
			sourceTree = "<group>";
		};
/* End PBXGroup section */

/* Begin PBXNativeTarget section */
		933EEEC41D0A6288004C03A0 /* drawingBoard */ = {
			isa = PBXNativeTarget;
			buildConfigurationList = 933EEEDC1D0A6288004C03A0 /* Build configuration list for PBXNativeTarget "drawingBoard" */;
			buildPhases = (
				933EEEC11D0A6288004C03A0 /* Sources */,
				933EEEC21D0A6288004C03A0 /* Frameworks */,
				933EEEC31D0A6288004C03A0 /* Resources */,
			);
			buildRules = (
			);
			dependencies = (
			);
			name = drawingBoard;
			productName = drawingBoard;
			productReference = 933EEEC51D0A6288004C03A0 /* drawingBoard.app */;
			productType = "com.apple.product-type.application";
		};
/* End PBXNativeTarget section */

/* Begin PBXProject section */
		933EEEBD1D0A6288004C03A0 /* Project object */ = {
			isa = PBXProject;
			attributes = {
				LastUpgradeCheck = 0730;
				ORGANIZATIONNAME = rujianbin;
				TargetAttributes = {
					933EEEC41D0A6288004C03A0 = {
						CreatedOnToolsVersion = 7.3;
					};
				};
			};
			buildConfigurationList = 933EEEC01D0A6288004C03A0 /* Build configuration list for PBXProject "drawingBoard" */;
			compatibilityVersion = "Xcode 3.2";
			developmentRegion = English;
			hasScannedForEncodings = 0;
			knownRegions = (
				en,
				Base,
			);
			mainGroup = 933EEEBC1D0A6287004C03A0;
			productRefGroup = 933EEEC61D0A6288004C03A0 /* Products */;
			projectDirPath = "";
			projectRoot = "";
			targets = (
				933EEEC41D0A6288004C03A0 /* drawingBoard */,
			);
		};
/* End PBXProject section */

/* Begin PBXResourcesBuildPhase section */
		933EEEC31D0A6288004C03A0 /* Resources */ = {
			isa = PBXResourcesBuildPhase;
			buildActionMask = 2147483647;
			files = (
				933EEED81D0A6288004C03A0 /* LaunchScreen.storyboard in Resources */,
				933EEED51D0A6288004C03A0 /* Assets.xcassets in Resources */,
				933EEED31D0A6288004C03A0 /* Main.storyboard in Resources */,
			);
			runOnlyForDeploymentPostprocessing = 0;
		};
/* End PBXResourcesBuildPhase section */

/* Begin PBXSourcesBuildPhase section */
		933EEEC11D0A6288004C03A0 /* Sources */ = {
			isa = PBXSourcesBuildPhase;
			buildActionMask = 2147483647;
			files = (
				933EEED01D0A6288004C03A0 /* ViewController.m in Sources */,
				933EEECD1D0A6288004C03A0 /* AppDelegate.m in Sources */,
				9370E1881D0A977200312BBE /* HMBezierPath.m in Sources */,
				933EEECA1D0A6288004C03A0 /* main.m in Sources */,
				9370E1841D0A7FAF00312BBE /* DrawingView.m in Sources */,
			);
			runOnlyForDeploymentPostprocessing = 0;
		};
/* End PBXSourcesBuildPhase section */

/* Begin PBXVariantGroup section */
		933EEED11D0A6288004C03A0 /* Main.storyboard */ = {
			isa = PBXVariantGroup;
			children = (
				933EEED21D0A6288004C03A0 /* Base */,
			);
			name = Main.storyboard;
			sourceTree = "<group>";
		};
		933EEED61D0A6288004C03A0 /* LaunchScreen.storyboard */ = {
			isa = PBXVariantGroup;
			children = (
				933EEED71D0A6288004C03A0 /* Base */,
			);
			name = LaunchScreen.storyboard;
			sourceTree = "<group>";
		};
/* End PBXVariantGroup section */

/* Begin XCBuildConfiguration section */
		933EEEDA1D0A6288004C03A0 /* Debug */ = {
			isa = XCBuildConfiguration;
			buildSettings = {
				ALWAYS_SEARCH_USER_PATHS = NO;
				CLANG_ANALYZER_NONNULL = YES;
				CLANG_CXX_LANGUAGE_STANDARD = "gnu++0x";
				CLANG_CXX_LIBRARY = "libc++";
				CLANG_ENABLE_MODULES = YES;
				CLANG_ENABLE_OBJC_ARC = YES;
				CLANG_WARN_BOOL_CONVERSION = YES;
				CLANG_WARN_CONSTANT_CONVERSION = YES;
				CLANG_WARN_DIRECT_OBJC_ISA_USAGE = YES_ERROR;
				CLANG_WARN_EMPTY_BODY = YES;
				CLANG_WARN_ENUM_CONVERSION = YES;
				CLANG_WARN_INT_CONVERSION = YES;
				CLANG_WARN_OBJC_ROOT_CLASS = YES_ERROR;
				CLANG_WARN_UNREACHABLE_CODE = YES;
				CLANG_WARN__DUPLICATE_METHOD_MATCH = YES;
				"CODE_SIGN_IDENTITY[sdk=iphoneos*]" = "iPhone Developer";
				COPY_PHASE_STRIP = NO;
				DEBUG_INFORMATION_FORMAT = dwarf;
				ENABLE_STRICT_OBJC_MSGSEND = YES;
				ENABLE_TESTABILITY = YES;
				GCC_C_LANGUAGE_STANDARD = gnu99;
				GCC_DYNAMIC_NO_PIC = NO;
				GCC_NO_COMMON_BLOCKS = YES;
				GCC_OPTIMIZATION_LEVEL = 0;
				GCC_PREPROCESSOR_DEFINITIONS = (
					"DEBUG=1",
					"$(inherited)",
				);
				GCC_WARN_64_TO_32_BIT_CONVERSION = YES;
				GCC_WARN_ABOUT_RETURN_TYPE = YES_ERROR;
				GCC_WARN_UNDECLARED_SELECTOR = YES;
				GCC_WARN_UNINITIALIZED_AUTOS = YES_AGGRESSIVE;
				GCC_WARN_UNUSED_FUNCTION = YES;
				GCC_WARN_UNUSED_VARIABLE = YES;
				IPHONEOS_DEPLOYMENT_TARGET = 9.3;
				MTL_ENABLE_DEBUG_INFO = YES;
				ONLY_ACTIVE_ARCH = YES;
				SDKROOT = iphoneos;
				TARGETED_DEVICE_FAMILY = "1,2";
			};
			name = Debug;
		};
		933EEEDB1D0A6288004C03A0 /* Release */ = {
			isa = XCBuildConfiguration;
			buildSettings = {
				ALWAYS_SEARCH_USER_PATHS = NO;
				CLANG_ANALYZER_NONNULL = YES;
				CLANG_CXX_LANGUAGE_STANDARD = "gnu++0x";
				CLANG_CXX_LIBRARY = "libc++";
				CLANG_ENABLE_MODULES = YES;
				CLANG_ENABLE_OBJC_ARC = YES;
				CLANG_WARN_BOOL_CONVERSION = YES;
				CLANG_WARN_CONSTANT_CONVERSION = YES;
				CLANG_WARN_DIRECT_OBJC_ISA_USAGE = YES_ERROR;
				CLANG_WARN_EMPTY_BODY = YES;
				CLANG_WARN_ENUM_CONVERSION = YES;
				CLANG_WARN_INT_CONVERSION = YES;
				CLANG_WARN_OBJC_ROOT_CLASS = YES_ERROR;
				CLANG_WARN_UNREACHABLE_CODE = YES;
				CLANG_WARN__DUPLICATE_METHOD_MATCH = YES;
				"CODE_SIGN_IDENTITY[sdk=iphoneos*]" = "iPhone Developer";
				COPY_PHASE_STRIP = NO;
				DEBUG_INFORMATION_FORMAT = "dwarf-with-dsym";
				ENABLE_NS_ASSERTIONS = NO;
				ENABLE_STRICT_OBJC_MSGSEND = YES;
				GCC_C_LANGUAGE_STANDARD = gnu99;
				GCC_NO_COMMON_BLOCKS = YES;
				GCC_WARN_64_TO_32_BIT_CONVERSION = YES;
				GCC_WARN_ABOUT_RETURN_TYPE = YES_ERROR;
				GCC_WARN_UNDECLARED_SELECTOR = YES;
				GCC_WARN_UNINITIALIZED_AUTOS = YES_AGGRESSIVE;
				GCC_WARN_UNUSED_FUNCTION = YES;
				GCC_WARN_UNUSED_VARIABLE = YES;
				IPHONEOS_DEPLOYMENT_TARGET = 9.3;
				MTL_ENABLE_DEBUG_INFO = NO;
				SDKROOT = iphoneos;
				TARGETED_DEVICE_FAMILY = "1,2";
				VALIDATE_PRODUCT = YES;
			};
			name = Release;
		};
		933EEEDD1D0A6288004C03A0 /* Debug */ = {
			isa = XCBuildConfiguration;
			buildSettings = {
				ASSETCATALOG_COMPILER_APPICON_NAME = AppIcon;
				INFOPLIST_FILE = drawingBoard/Info.plist;
				LD_RUNPATH_SEARCH_PATHS = "$(inherited) @executable_path/Frameworks";
				PRODUCT_BUNDLE_IDENTIFIER = cn.itheima.drawingBoard;
				PRODUCT_NAME = "$(TARGET_NAME)";
			};
			name = Debug;
		};
		933EEEDE1D0A6288004C03A0 /* Release */ = {
			isa = XCBuildConfiguration;
			buildSettings = {
				ASSETCATALOG_COMPILER_APPICON_NAME = AppIcon;
				INFOPLIST_FILE = drawingBoard/Info.plist;
				LD_RUNPATH_SEARCH_PATHS = "$(inherited) @executable_path/Frameworks";
				PRODUCT_BUNDLE_IDENTIFIER = cn.itheima.drawingBoard;
				PRODUCT_NAME = "$(TARGET_NAME)";
			};
			name = Release;
		};
/* End XCBuildConfiguration section */

/* Begin XCConfigurationList section */
		933EEEC01D0A6288004C03A0 /* Build configuration list for PBXProject "drawingBoard" */ = {
			isa = XCConfigurationList;
			buildConfigurations = (
				933EEEDA1D0A6288004C03A0 /* Debug */,
				933EEEDB1D0A6288004C03A0 /* Release */,
			);
			defaultConfigurationIsVisible = 0;
			defaultConfigurationName = Release;
		};
		933EEEDC1D0A6288004C03A0 /* Build configuration list for PBXNativeTarget "drawingBoard" */ = {
			isa = XCConfigurationList;
			buildConfigurations = (
				933EEEDD1D0A6288004C03A0 /* Debug */,
				933EEEDE1D0A6288004C03A0 /* Release */,
			);
			defaultConfigurationIsVisible = 0;
			defaultConfigurationName = Release;
		};
/* End XCConfigurationList section */
	};
	rootObject = 933EEEBD1D0A6288004C03A0 /* Project object */;
}
